// !$*UTF8*$!
{
	archiveVersion = 1;
	classes = {
	};
	objectVersion = 77;
	objects = {

/* Begin PBXBuildFile section */
		3D1041738E03E6B83E7E3FE0 /* DetailViews.swift in Sources */ = {isa = PBXBuildFile; fileRef = CA8FD426A367B1FA5B507021 /* DetailViews.swift */; };
		5B9F002DE75048CDC26764A2 /* SpringsView.swift in Sources */ = {isa = PBXBuildFile; fileRef = 61818114C4034EC514095F96 /* SpringsView.swift */; };
		61E12015CCBBA02717C13C0C /* Models.swift in Sources */ = {isa = PBXBuildFile; fileRef = C867D7B580BC48F2EEDFFD18 /* Models.swift */; };
		7954EB829700527EFDC6F44C /* HomeView.swift in Sources */ = {isa = PBXBuildFile; fileRef = D3C169102D80AC20F6294064 /* HomeView.swift */; };
		AF76D696EED52864F7A0E944 /* BlurLab.swift in Sources */ = {isa = PBXBuildFile; fileRef = 41B26595FA0FB45BD2EEE000 /* BlurLab.swift */; };
		E83BB1CB4EB36BFE591A9518 /* ZoomNavDemoApp.swift in Sources */ = {isa = PBXBuildFile; fileRef = E6B355CB36606E2348A7C7CC /* ZoomNavDemoApp.swift */; };
/* End PBXBuildFile section */

/* Begin PBXFileReference section */
		41B26595FA0FB45BD2EEE000 /* BlurLab.swift */ = {isa = PBXFileReference; lastKnownFileType = sourcecode.swift; path = BlurLab.swift; sourceTree = "<group>"; };
		4BDD995EBBE588E578370A8D /* ZoomNavDemo.app */ = {isa = PBXFileReference; includeInIndex = 0; lastKnownFileType = wrapper.application; path = ZoomNavDemo.app; sourceTree = BUILT_PRODUCTS_DIR; };
		61818114C4034EC514095F96 /* SpringsView.swift */ = {isa = PBXFileReference; lastKnownFileType = sourcecode.swift; path = SpringsView.swift; sourceTree = "<group>"; };
		C867D7B580BC48F2EEDFFD18 /* Models.swift */ = {isa = PBXFileReference; lastKnownFileType = sourcecode.swift; path = Models.swift; sourceTree = "<group>"; };
		CA8FD426A367B1FA5B507021 /* DetailViews.swift */ = {isa = PBXFileReference; lastKnownFileType = sourcecode.swift; path = DetailViews.swift; sourceTree = "<group>"; };
		D3C169102D80AC20F6294064 /* HomeView.swift */ = {isa = PBXFileReference; lastKnownFileType = sourcecode.swift; path = HomeView.swift; sourceTree = "<group>"; };
		E6B355CB36606E2348A7C7CC /* ZoomNavDemoApp.swift */ = {isa = PBXFileReference; lastKnownFileType = sourcecode.swift; path = ZoomNavDemoApp.swift; sourceTree = "<group>"; };
/* End PBXFileReference section */

/* Begin PBXGroup section */
		14E05E75010895B7EF737904 = {
			isa = PBXGroup;
			children = (
				2A29605AC2718EC81D8AD85D /* ZoomNavDemo */,
				DF9F3F0733C9A1780B6F3FCC /* Products */,
			);
			sourceTree = "<group>";
		};
		2A29605AC2718EC81D8AD85D /* ZoomNavDemo */ = {
			isa = PBXGroup;
			children = (
				41B26595FA0FB45BD2EEE000 /* BlurLab.swift */,
				CA8FD426A367B1FA5B507021 /* DetailViews.swift */,
				D3C169102D80AC20F6294064 /* HomeView.swift */,
				C867D7B580BC48F2EEDFFD18 /* Models.swift */,
				61818114C4034EC514095F96 /* SpringsView.swift */,
				E6B355CB36606E2348A7C7CC /* ZoomNavDemoApp.swift */,
			);
			path = ZoomNavDemo;
			sourceTree = "<group>";
		};
		DF9F3F0733C9A1780B6F3FCC /* Products */ = {
			isa = PBXGroup;
			children = (
				4BDD995EBBE588E578370A8D /* ZoomNavDemo.app */,
			);
			name = Products;
			sourceTree = "<group>";
		};
/* End PBXGroup section */

/* Begin PBXNativeTarget section */
		0D21F03069B84C474F6DEC30 /* ZoomNavDemo */ = {
			isa = PBXNativeTarget;
			buildConfigurationList = 49EA664D74ED436C361C07F7 /* Build configuration list for PBXNativeTarget "ZoomNavDemo" */;
			buildPhases = (
				3EEC72D613DDFE90049D68CC /* Sources */,
			);
			buildRules = (
			);
			dependencies = (
			);
			name = ZoomNavDemo;
			packageProductDependencies = (
			);
			productName = ZoomNavDemo;
			productReference = 4BDD995EBBE588E578370A8D /* ZoomNavDemo.app */;
			productType = "com.apple.product-type.application";
		};
/* End PBXNativeTarget section */

/* Begin PBXProject section */
		6D547544E3FB74709D42CB71 /* Project object */ = {
			isa = PBXProject;
			attributes = {
				BuildIndependentTargetsInParallel = YES;
				LastUpgradeCheck = 1430;
				TargetAttributes = {
					0D21F03069B84C474F6DEC30 = {
						DevelopmentTeam = QTKCGR6K6G;
						ProvisioningStyle = Automatic;
					};
				};
			};
			buildConfigurationList = 4B56C5A0980AF7EC5DD5D17F /* Build configuration list for PBXProject "ZoomNavDemo" */;
			developmentRegion = en;
			hasScannedForEncodings = 0;
			knownRegions = (
				Base,
				en,
			);
			mainGroup = 14E05E75010895B7EF737904;
			minimizedProjectReferenceProxies = 1;
			preferredProjectObjectVersion = 77;
			productRefGroup = DF9F3F0733C9A1780B6F3FCC /* Products */;
			projectDirPath = "";
			projectRoot = "";
			targets = (
				0D21F03069B84C474F6DEC30 /* ZoomNavDemo */,
			);
		};
/* End PBXProject section */

/* Begin PBXSourcesBuildPhase section */
		3EEC72D613DDFE90049D68CC /* Sources */ = {
			isa = PBXSourcesBuildPhase;
			buildActionMask = 2147483647;
			files = (
				AF76D696EED52864F7A0E944 /* BlurLab.swift in Sources */,
				3D1041738E03E6B83E7E3FE0 /* DetailViews.swift in Sources */,
				7954EB829700527EFDC6F44C /* HomeView.swift in Sources */,
				61E12015CCBBA02717C13C0C /* Models.swift in Sources */,
				5B9F002DE75048CDC26764A2 /* SpringsView.swift in Sources */,
				E83BB1CB4EB36BFE591A9518 /* ZoomNavDemoApp.swift in Sources */,
			);
			runOnlyForDeploymentPostprocessing = 0;
		};
/* End PBXSourcesBuildPhase section */

/* Begin XCBuildConfiguration section */
		07AA2B31036915110865BDB3 /* Release */ = {
			isa = XCBuildConfiguration;
			buildSettings = {
				ALWAYS_SEARCH_USER_PATHS = NO;
				CLANG_ANALYZER_NONNULL = YES;
				CLANG_ANALYZER_NUMBER_OBJECT_CONVERSION = YES_AGGRESSIVE;
				CLANG_CXX_LANGUAGE_STANDARD = "gnu++14";
				CLANG_CXX_LIBRARY = "libc++";
				CLANG_ENABLE_MODULES = YES;
				CLANG_ENABLE_OBJC_ARC = YES;
				CLANG_ENABLE_OBJC_WEAK = YES;
				CLANG_WARN_BLOCK_CAPTURE_AUTORELEASING = YES;
				CLANG_WARN_BOOL_CONVERSION = YES;
				CLANG_WARN_COMMA = YES;
				CLANG_WARN_CONSTANT_CONVERSION = YES;
				CLANG_WARN_DEPRECATED_OBJC_IMPLEMENTATIONS = YES;
				CLANG_WARN_DIRECT_OBJC_ISA_USAGE = YES_ERROR;
				CLANG_WARN_DOCUMENTATION_COMMENTS = YES;
				CLANG_WARN_EMPTY_BODY = YES;
				CLANG_WARN_ENUM_CONVERSION = YES;
				CLANG_WARN_INFINITE_RECURSION = YES;
				CLANG_WARN_INT_CONVERSION = YES;
				CLANG_WARN_NON_LITERAL_NULL_CONVERSION = YES;
				CLANG_WARN_OBJC_IMPLICIT_RETAIN_SELF = YES;
				CLANG_WARN_OBJC_LITERAL_CONVERSION = YES;
				CLANG_WARN_OBJC_ROOT_CLASS = YES_ERROR;
				CLANG_WARN_QUOTED_INCLUDE_IN_FRAMEWORK_HEADER = YES;
				CLANG_WARN_RANGE_LOOP_ANALYSIS = YES;
				CLANG_WARN_STRICT_PROTOTYPES = YES;
				CLANG_WARN_SUSPICIOUS_MOVE = YES;
				CLANG_WARN_UNGUARDED_AVAILABILITY = YES_AGGRESSIVE;
				CLANG_WARN_UNREACHABLE_CODE = YES;
				CLANG_WARN__DUPLICATE_METHOD_MATCH = YES;
				CODE_SIGN_STYLE = Automatic;
				COPY_PHASE_STRIP = NO;
				DEBUG_INFORMATION_FORMAT = "dwarf-with-dsym";
				DEVELOPMENT_TEAM = QTKCGR6K6G;
				ENABLE_NS_ASSERTIONS = NO;
				ENABLE_STRICT_OBJC_MSGSEND = YES;
				GCC_C_LANGUAGE_STANDARD = gnu11;
				GCC_NO_COMMON_BLOCKS = YES;
				GCC_WARN_64_TO_32_BIT_CONVERSION = YES;
				GCC_WARN_ABOUT_RETURN_TYPE = YES_ERROR;
				GCC_WARN_UNDECLARED_SELECTOR = YES;
				GCC_WARN_UNINITIALIZED_AUTOS = YES_AGGRESSIVE;
				GCC_WARN_UNUSED_FUNCTION = YES;
				GCC_WARN_UNUSED_VARIABLE = YES;
				IPHONEOS_DEPLOYMENT_TARGET = 26.0;
				MTL_ENABLE_DEBUG_INFO = NO;
				MTL_FAST_MATH = YES;
				PRODUCT_NAME = "$(TARGET_NAME)";
				SDKROOT = iphoneos;
				SWIFT_COMPILATION_MODE = wholemodule;
				SWIFT_OPTIMIZATION_LEVEL = "-O";
				SWIFT_VERSION = 6.0;
			};
			name = Release;
		};
		4D3CF0E0AB3A26B4982A7A53 /* Debug */ = {
			isa = XCBuildConfiguration;
			buildSettings = {
				ASSETCATALOG_COMPILER_APPICON_NAME = AppIcon;
				CODE_SIGN_IDENTITY = "iPhone Developer";
				CURRENT_PROJECT_VERSION = 1;
				GENERATE_INFOPLIST_FILE = YES;
				INFOPLIST_KEY_UIApplicationSceneManifest_Generation = YES;
				INFOPLIST_KEY_UILaunchScreen_Generation = YES;
				INFOPLIST_KEY_UISupportedInterfaceOrientations = UIInterfaceOrientationPortrait;
				INFOPLIST_KEY_UISupportedInterfaceOrientations_iPad = "UIInterfaceOrientationPortrait UIInterfaceOrientationPortraitUpsideDown UIInterfaceOrientationLandscapeLeft UIInterfaceOrientationLandscapeRight";
				LD_RUNPATH_SEARCH_PATHS = (
					"$(inherited)",
					"@executable_path/Frameworks",
				);
				MARKETING_VERSION = 1.0;
				PRODUCT_BUNDLE_IDENTIFIER = com.cara.zoomnavdemo;
				SDKROOT = iphoneos;
				TARGETED_DEVICE_FAMILY = "1,2";
			};
			name = Debug;
		};
		B0407EE305E6C34846B6F795 /* Release */ = {
			isa = XCBuildConfiguration;
			buildSettings = {
				ASSETCATALOG_COMPILER_APPICON_NAME = AppIcon;
				CODE_SIGN_IDENTITY = "iPhone Developer";
				CURRENT_PROJECT_VERSION = 1;
				GENERATE_INFOPLIST_FILE = YES;
				INFOPLIST_KEY_UIApplicationSceneManifest_Generation = YES;
				INFOPLIST_KEY_UILaunchScreen_Generation = YES;
				INFOPLIST_KEY_UISupportedInterfaceOrientations = UIInterfaceOrientationPortrait;
				INFOPLIST_KEY_UISupportedInterfaceOrientations_iPad = "UIInterfaceOrientationPortrait UIInterfaceOrientationPortraitUpsideDown UIInterfaceOrientationLandscapeLeft UIInterfaceOrientationLandscapeRight";
				LD_RUNPATH_SEARCH_PATHS = (
					"$(inherited)",
					"@executable_path/Frameworks",
				);
				MARKETING_VERSION = 1.0;
				PRODUCT_BUNDLE_IDENTIFIER = com.cara.zoomnavdemo;
				SDKROOT = iphoneos;
				TARGETED_DEVICE_FAMILY = "1,2";
			};
			name = Release;
		};
		D9A9AB55B3238C48EEA10BF4 /* Debug */ = {
			isa = XCBuildConfiguration;
			buildSettings = {
				ALWAYS_SEARCH_USER_PATHS = NO;
				CLANG_ANALYZER_NONNULL = YES;
				CLANG_ANALYZER_NUMBER_OBJECT_CONVERSION = YES_AGGRESSIVE;
				CLANG_CXX_LANGUAGE_STANDARD = "gnu++14";
				CLANG_CXX_LIBRARY = "libc++";
				CLANG_ENABLE_MODULES = YES;
				CLANG_ENABLE_OBJC_ARC = YES;
				CLANG_ENABLE_OBJC_WEAK = YES;
				CLANG_WARN_BLOCK_CAPTURE_AUTORELEASING = YES;
				CLANG_WARN_BOOL_CONVERSION = YES;
				CLANG_WARN_COMMA = YES;
				CLANG_WARN_CONSTANT_CONVERSION = YES;
				CLANG_WARN_DEPRECATED_OBJC_IMPLEMENTATIONS = YES;
				CLANG_WARN_DIRECT_OBJC_ISA_USAGE = YES_ERROR;
				CLANG_WARN_DOCUMENTATION_COMMENTS = YES;
				CLANG_WARN_EMPTY_BODY = YES;
				CLANG_WARN_ENUM_CONVERSION = YES;
				CLANG_WARN_INFINITE_RECURSION = YES;
				CLANG_WARN_INT_CONVERSION = YES;
				CLANG_WARN_NON_LITERAL_NULL_CONVERSION = YES;
				CLANG_WARN_OBJC_IMPLICIT_RETAIN_SELF = YES;
				CLANG_WARN_OBJC_LITERAL_CONVERSION = YES;
				CLANG_WARN_OBJC_ROOT_CLASS = YES_ERROR;
				CLANG_WARN_QUOTED_INCLUDE_IN_FRAMEWORK_HEADER = YES;
				CLANG_WARN_RANGE_LOOP_ANALYSIS = YES;
				CLANG_WARN_STRICT_PROTOTYPES = YES;
				CLANG_WARN_SUSPICIOUS_MOVE = YES;
				CLANG_WARN_UNGUARDED_AVAILABILITY = YES_AGGRESSIVE;
				CLANG_WARN_UNREACHABLE_CODE = YES;
				CLANG_WARN__DUPLICATE_METHOD_MATCH = YES;
				CODE_SIGN_STYLE = Automatic;
				COPY_PHASE_STRIP = NO;
				DEBUG_INFORMATION_FORMAT = dwarf;
				DEVELOPMENT_TEAM = QTKCGR6K6G;
				ENABLE_STRICT_OBJC_MSGSEND = YES;
				ENABLE_TESTABILITY = YES;
				GCC_C_LANGUAGE_STANDARD = gnu11;
				GCC_DYNAMIC_NO_PIC = NO;
				GCC_NO_COMMON_BLOCKS = YES;
				GCC_OPTIMIZATION_LEVEL = 0;
				GCC_PREPROCESSOR_DEFINITIONS = (
					"$(inherited)",
					"DEBUG=1",
				);
				GCC_WARN_64_TO_32_BIT_CONVERSION = YES;
				GCC_WARN_ABOUT_RETURN_TYPE = YES_ERROR;
				GCC_WARN_UNDECLARED_SELECTOR = YES;
				GCC_WARN_UNINITIALIZED_AUTOS = YES_AGGRESSIVE;
				GCC_WARN_UNUSED_FUNCTION = YES;
				GCC_WARN_UNUSED_VARIABLE = YES;
				IPHONEOS_DEPLOYMENT_TARGET = 26.0;
				MTL_ENABLE_DEBUG_INFO = INCLUDE_SOURCE;
				MTL_FAST_MATH = YES;
				ONLY_ACTIVE_ARCH = YES;
				PRODUCT_NAME = "$(TARGET_NAME)";
				SDKROOT = iphoneos;
				SWIFT_ACTIVE_COMPILATION_CONDITIONS = DEBUG;
				SWIFT_OPTIMIZATION_LEVEL = "-Onone";
				SWIFT_VERSION = 6.0;
			};
			name = Debug;
		};
/* End XCBuildConfiguration section */

/* Begin XCConfigurationList section */
		49EA664D74ED436C361C07F7 /* Build configuration list for PBXNativeTarget "ZoomNavDemo" */ = {
			isa = XCConfigurationList;
			buildConfigurations = (
				4D3CF0E0AB3A26B4982A7A53 /* Debug */,
				B0407EE305E6C34846B6F795 /* Release */,
			);
			defaultConfigurationIsVisible = 0;
			defaultConfigurationName = Debug;
		};
		4B56C5A0980AF7EC5DD5D17F /* Build configuration list for PBXProject "ZoomNavDemo" */ = {
			isa = XCConfigurationList;
			buildConfigurations = (
				D9A9AB55B3238C48EEA10BF4 /* Debug */,
				07AA2B31036915110865BDB3 /* Release */,
			);
			defaultConfigurationIsVisible = 0;
			defaultConfigurationName = Debug;
		};
/* End XCConfigurationList section */
	};
	rootObject = 6D547544E3FB74709D42CB71 /* Project object */;
}
